
Microsoft Visual Studio Solution File, Format Version 12.00
# Visual Studio Version 16
VisualStudioVersion = 16.0.29926.136
MinimumVisualStudioVersion = 10.0.40219.1
Project("{9A19103F-16F7-4668-BE54-9A1E7A4F7556}") = "AsyncRegexTester", "AsyncRegexTester\AsyncRegexTester.csproj", "{D5AF2D23-306E-4073-BC47-94619D3FDA84}"
EndProject
Global
	GlobalSection(SolutionConfigurationPlatforms) = preSolution
		Debug|Any CPU = Debug|Any CPU
		Release|Any CPU = Release|Any CPU
	EndGlobalSection
	GlobalSection(ProjectConfigurationPlatforms) = postSolution
		{D5AF2D23-306E-4073-BC47-94619D3FDA84}.Debug|Any CPU.ActiveCfg = Debug|Any CPU
		{D5AF2D23-306E-4073-BC47-94619D3FDA84}.Debug|Any CPU.Build.0 = Debug|Any CPU
		{D5AF2D23-306E-4073-BC47-94619D3FDA84}.Release|Any CPU.ActiveCfg = Release|Any CPU
		{D5AF2D23-306E-4073-BC47-94619D3FDA84}.Release|Any CPU.Build.0 = Release|Any CPU
	EndGlobalSection
	GlobalSection(SolutionProperties) = preSolution
		HideSolutionNode = FALSE
	EndGlobalSection
	GlobalSection(ExtensibilityGlobals) = postSolution
		SolutionGuid = {0DA2E74D-FA6C-4F2C-B9A8-0E5E2F83302B}
	EndGlobalSection
EndGlobal
